// !$*UTF8*$!
{
	archiveVersion = 1;
	classes = {
	};
	objectVersion = 55;
	objects = {

/* Begin PBXBuildFile section */
		5622530B281443B300116C3C /* WebpageAssembly.swift in Sources */ = {isa = PBXBuildFile; fileRef = 5622530A281443B300116C3C /* WebpageAssembly.swift */; };
		5622530D2814441400116C3C /* WebpageViewController.swift in Sources */ = {isa = PBXBuildFile; fileRef = 5622530C2814441400116C3C /* WebpageViewController.swift */; };
		5622530F2814446700116C3C /* WebpagePresenter.swift in Sources */ = {isa = PBXBuildFile; fileRef = 5622530E2814446700116C3C /* WebpagePresenter.swift */; };
		562253112814447900116C3C /* WebpageInteractor.swift in Sources */ = {isa = PBXBuildFile; fileRef = 562253102814447900116C3C /* WebpageInteractor.swift */; };
		562253132814448600116C3C /* WebpageRouter.swift in Sources */ = {isa = PBXBuildFile; fileRef = 562253122814448600116C3C /* WebpageRouter.swift */; };
		5622531628146A3500116C3C /* ApplicationAssembly.swift in Sources */ = {isa = PBXBuildFile; fileRef = 5622531528146A3500116C3C /* ApplicationAssembly.swift */; };
		5622531C28149CC700116C3C /* main.swift in Sources */ = {isa = PBXBuildFile; fileRef = 5622531B28149CC700116C3C /* main.swift */; };
		5622531E2814AE2A00116C3C /* CoreComponents.swift in Sources */ = {isa = PBXBuildFile; fileRef = 5622531D2814AE2A00116C3C /* CoreComponents.swift */; };
		562253242814B09F00116C3C /* BaseTabController.swift in Sources */ = {isa = PBXBuildFile; fileRef = 562253232814B09F00116C3C /* BaseTabController.swift */; };
		562253272815F54000116C3C /* WeatherAssembly.swift in Sources */ = {isa = PBXBuildFile; fileRef = 562253262815F54000116C3C /* WeatherAssembly.swift */; };
		562253292815F5D400116C3C /* WeatherViewController.swift in Sources */ = {isa = PBXBuildFile; fileRef = 562253282815F5D400116C3C /* WeatherViewController.swift */; };
		5622532B2815F60600116C3C /* WeatherInteractor.swift in Sources */ = {isa = PBXBuildFile; fileRef = 5622532A2815F60600116C3C /* WeatherInteractor.swift */; };
		5622532D2815F64E00116C3C /* WeatherPresenter.swift in Sources */ = {isa = PBXBuildFile; fileRef = 5622532C2815F64E00116C3C /* WeatherPresenter.swift */; };
		5622532F2815F6B100116C3C /* WeatherRouter.swift in Sources */ = {isa = PBXBuildFile; fileRef = 5622532E2815F6B100116C3C /* WeatherRouter.swift */; };
		562253312816033000116C3C /* AppConfig.swift in Sources */ = {isa = PBXBuildFile; fileRef = 562253302816033000116C3C /* AppConfig.swift */; };
		562253332816044600116C3C /* StagingAppConfig.swift in Sources */ = {isa = PBXBuildFile; fileRef = 562253322816044600116C3C /* StagingAppConfig.swift */; };
		562253362816E37200116C3C /* APIManager.swift in Sources */ = {isa = PBXBuildFile; fileRef = 562253352816E37200116C3C /* APIManager.swift */; };
		5622533828172F7C00116C3C /* WeatherReport.swift in Sources */ = {isa = PBXBuildFile; fileRef = 5622533728172F7C00116C3C /* WeatherReport.swift */; };
		5622533A281736F400116C3C /* WeatherDailyItem.swift in Sources */ = {isa = PBXBuildFile; fileRef = 56225339281736F400116C3C /* WeatherDailyItem.swift */; };
		5622533C2817391600116C3C /* DailyTemperature.swift in Sources */ = {isa = PBXBuildFile; fileRef = 5622533B2817391600116C3C /* DailyTemperature.swift */; };
		5622533E28173A3500116C3C /* FeelingTemperature.swift in Sources */ = {isa = PBXBuildFile; fileRef = 5622533D28173A3500116C3C /* FeelingTemperature.swift */; };
		5622534028173D6E00116C3C /* MinutelyItem.swift in Sources */ = {isa = PBXBuildFile; fileRef = 5622533F28173D6E00116C3C /* MinutelyItem.swift */; };
		56225342281758B500116C3C /* CityConfig.swift in Sources */ = {isa = PBXBuildFile; fileRef = 56225341281758B500116C3C /* CityConfig.swift */; };
		5622534428175A7900116C3C /* StagingCity.swift in Sources */ = {isa = PBXBuildFile; fileRef = 5622534328175A7900116C3C /* StagingCity.swift */; };
		562253472819C5FF00116C3C /* CurrentConditionView.swift in Sources */ = {isa = PBXBuildFile; fileRef = 562253462819C5FF00116C3C /* CurrentConditionView.swift */; };
		5644F51C281413C10070EAE2 /* AppDelegate.swift in Sources */ = {isa = PBXBuildFile; fileRef = 5644F51B281413C10070EAE2 /* AppDelegate.swift */; };
		5644F51E281413C10070EAE2 /* SceneDelegate.swift in Sources */ = {isa = PBXBuildFile; fileRef = 5644F51D281413C10070EAE2 /* SceneDelegate.swift */; };
		5644F520281413C10070EAE2 /* ViewController.swift in Sources */ = {isa = PBXBuildFile; fileRef = 5644F51F281413C10070EAE2 /* ViewController.swift */; };
		5644F525281413C30070EAE2 /* Assets.xcassets in Resources */ = {isa = PBXBuildFile; fileRef = 5644F524281413C30070EAE2 /* Assets.xcassets */; };
		5644F528281413C30070EAE2 /* LaunchScreen.storyboard in Resources */ = {isa = PBXBuildFile; fileRef = 5644F526281413C30070EAE2 /* LaunchScreen.storyboard */; };
		F0B1244A355542AA26D7944C /* Pods_Forecast.framework in Frameworks */ = {isa = PBXBuildFile; fileRef = 209D29C2011C8825B92FAF9C /* Pods_Forecast.framework */; };
/* End PBXBuildFile section */

/* Begin PBXFileReference section */
		209D29C2011C8825B92FAF9C /* Pods_Forecast.framework */ = {isa = PBXFileReference; explicitFileType = wrapper.framework; includeInIndex = 0; path = Pods_Forecast.framework; sourceTree = BUILT_PRODUCTS_DIR; };
		4385965FE1C2C8D00574A38F /* Pods-Forecast.debug.xcconfig */ = {isa = PBXFileReference; includeInIndex = 1; lastKnownFileType = text.xcconfig; name = "Pods-Forecast.debug.xcconfig"; path = "Target Support Files/Pods-Forecast/Pods-Forecast.debug.xcconfig"; sourceTree = "<group>"; };
		5622530A281443B300116C3C /* WebpageAssembly.swift */ = {isa = PBXFileReference; lastKnownFileType = sourcecode.swift; path = WebpageAssembly.swift; sourceTree = "<group>"; };
		5622530C2814441400116C3C /* WebpageViewController.swift */ = {isa = PBXFileReference; lastKnownFileType = sourcecode.swift; path = WebpageViewController.swift; sourceTree = "<group>"; };
		5622530E2814446700116C3C /* WebpagePresenter.swift */ = {isa = PBXFileReference; lastKnownFileType = sourcecode.swift; path = WebpagePresenter.swift; sourceTree = "<group>"; };
		562253102814447900116C3C /* WebpageInteractor.swift */ = {isa = PBXFileReference; lastKnownFileType = sourcecode.swift; path = WebpageInteractor.swift; sourceTree = "<group>"; };
		562253122814448600116C3C /* WebpageRouter.swift */ = {isa = PBXFileReference; lastKnownFileType = sourcecode.swift; path = WebpageRouter.swift; sourceTree = "<group>"; };
		5622531528146A3500116C3C /* ApplicationAssembly.swift */ = {isa = PBXFileReference; lastKnownFileType = sourcecode.swift; path = ApplicationAssembly.swift; sourceTree = "<group>"; };
		5622531B28149CC700116C3C /* main.swift */ = {isa = PBXFileReference; lastKnownFileType = sourcecode.swift; path = main.swift; sourceTree = "<group>"; };
		5622531D2814AE2A00116C3C /* CoreComponents.swift */ = {isa = PBXFileReference; lastKnownFileType = sourcecode.swift; path = CoreComponents.swift; sourceTree = "<group>"; };
		562253232814B09F00116C3C /* BaseTabController.swift */ = {isa = PBXFileReference; lastKnownFileType = sourcecode.swift; path = BaseTabController.swift; sourceTree = "<group>"; };
		562253262815F54000116C3C /* WeatherAssembly.swift */ = {isa = PBXFileReference; lastKnownFileType = sourcecode.swift; path = WeatherAssembly.swift; sourceTree = "<group>"; };
		562253282815F5D400116C3C /* WeatherViewController.swift */ = {isa = PBXFileReference; lastKnownFileType = sourcecode.swift; path = WeatherViewController.swift; sourceTree = "<group>"; };
		5622532A2815F60600116C3C /* WeatherInteractor.swift */ = {isa = PBXFileReference; lastKnownFileType = sourcecode.swift; path = WeatherInteractor.swift; sourceTree = "<group>"; };
		5622532C2815F64E00116C3C /* WeatherPresenter.swift */ = {isa = PBXFileReference; lastKnownFileType = sourcecode.swift; path = WeatherPresenter.swift; sourceTree = "<group>"; };
		5622532E2815F6B100116C3C /* WeatherRouter.swift */ = {isa = PBXFileReference; lastKnownFileType = sourcecode.swift; path = WeatherRouter.swift; sourceTree = "<group>"; };
		562253302816033000116C3C /* AppConfig.swift */ = {isa = PBXFileReference; lastKnownFileType = sourcecode.swift; path = AppConfig.swift; sourceTree = "<group>"; };
		562253322816044600116C3C /* StagingAppConfig.swift */ = {isa = PBXFileReference; lastKnownFileType = sourcecode.swift; path = StagingAppConfig.swift; sourceTree = "<group>"; };
		562253352816E37200116C3C /* APIManager.swift */ = {isa = PBXFileReference; lastKnownFileType = sourcecode.swift; path = APIManager.swift; sourceTree = "<group>"; };
		5622533728172F7C00116C3C /* WeatherReport.swift */ = {isa = PBXFileReference; lastKnownFileType = sourcecode.swift; path = WeatherReport.swift; sourceTree = "<group>"; };
		56225339281736F400116C3C /* WeatherDailyItem.swift */ = {isa = PBXFileReference; lastKnownFileType = sourcecode.swift; path = WeatherDailyItem.swift; sourceTree = "<group>"; };
		5622533B2817391600116C3C /* DailyTemperature.swift */ = {isa = PBXFileReference; lastKnownFileType = sourcecode.swift; path = DailyTemperature.swift; sourceTree = "<group>"; };
		5622533D28173A3500116C3C /* FeelingTemperature.swift */ = {isa = PBXFileReference; lastKnownFileType = sourcecode.swift; path = FeelingTemperature.swift; sourceTree = "<group>"; };
		5622533F28173D6E00116C3C /* MinutelyItem.swift */ = {isa = PBXFileReference; lastKnownFileType = sourcecode.swift; path = MinutelyItem.swift; sourceTree = "<group>"; };
		56225341281758B500116C3C /* CityConfig.swift */ = {isa = PBXFileReference; lastKnownFileType = sourcecode.swift; path = CityConfig.swift; sourceTree = "<group>"; };
		5622534328175A7900116C3C /* StagingCity.swift */ = {isa = PBXFileReference; lastKnownFileType = sourcecode.swift; path = StagingCity.swift; sourceTree = "<group>"; };
		562253462819C5FF00116C3C /* CurrentConditionView.swift */ = {isa = PBXFileReference; lastKnownFileType = sourcecode.swift; path = CurrentConditionView.swift; sourceTree = "<group>"; };
		5644F518281413C10070EAE2 /* Forecast.app */ = {isa = PBXFileReference; explicitFileType = wrapper.application; includeInIndex = 0; path = Forecast.app; sourceTree = BUILT_PRODUCTS_DIR; };
		5644F51B281413C10070EAE2 /* AppDelegate.swift */ = {isa = PBXFileReference; lastKnownFileType = sourcecode.swift; path = AppDelegate.swift; sourceTree = "<group>"; };
		5644F51D281413C10070EAE2 /* SceneDelegate.swift */ = {isa = PBXFileReference; lastKnownFileType = sourcecode.swift; path = SceneDelegate.swift; sourceTree = "<group>"; };
		5644F51F281413C10070EAE2 /* ViewController.swift */ = {isa = PBXFileReference; lastKnownFileType = sourcecode.swift; path = ViewController.swift; sourceTree = "<group>"; };
		5644F524281413C30070EAE2 /* Assets.xcassets */ = {isa = PBXFileReference; lastKnownFileType = folder.assetcatalog; path = Assets.xcassets; sourceTree = "<group>"; };
		5644F527281413C30070EAE2 /* Base */ = {isa = PBXFileReference; lastKnownFileType = file.storyboard; name = Base; path = Base.lproj/LaunchScreen.storyboard; sourceTree = "<group>"; };
		5644F529281413C30070EAE2 /* Info.plist */ = {isa = PBXFileReference; lastKnownFileType = text.plist.xml; path = Info.plist; sourceTree = "<group>"; };
		8C383079CFEEDFD93C3FD3F5 /* Pods-Forecast.release.xcconfig */ = {isa = PBXFileReference; includeInIndex = 1; lastKnownFileType = text.xcconfig; name = "Pods-Forecast.release.xcconfig"; path = "Target Support Files/Pods-Forecast/Pods-Forecast.release.xcconfig"; sourceTree = "<group>"; };
/* End PBXFileReference section */

/* Begin PBXFrameworksBuildPhase section */
		5644F515281413C10070EAE2 /* Frameworks */ = {
			isa = PBXFrameworksBuildPhase;
			buildActionMask = 2147483647;
			files = (
				F0B1244A355542AA26D7944C /* Pods_Forecast.framework in Frameworks */,
			);
			runOnlyForDeploymentPostprocessing = 0;
		};
/* End PBXFrameworksBuildPhase section */

/* Begin PBXGroup section */
		5622530628141CF900116C3C /* Scenes */ = {
			isa = PBXGroup;
			children = (
				562253222814B02400116C3C /* TabBar */,
				562253252815F51C00116C3C /* Weather */,
				562253082814437E00116C3C /* Webpage */,
			);
			path = Scenes;
			sourceTree = "<group>";
		};
		5622530728141D0500116C3C /* Structures */ = {
			isa = PBXGroup;
			children = (
				5622533728172F7C00116C3C /* WeatherReport.swift */,
				56225339281736F400116C3C /* WeatherDailyItem.swift */,
				5622533B2817391600116C3C /* DailyTemperature.swift */,
				5622533F28173D6E00116C3C /* MinutelyItem.swift */,
				5622533D28173A3500116C3C /* FeelingTemperature.swift */,
			);
			path = Structures;
			sourceTree = "<group>";
		};
		562253082814437E00116C3C /* Webpage */ = {
			isa = PBXGroup;
			children = (
				5622530A281443B300116C3C /* WebpageAssembly.swift */,
				5622530C2814441400116C3C /* WebpageViewController.swift */,
				5622530E2814446700116C3C /* WebpagePresenter.swift */,
				562253102814447900116C3C /* WebpageInteractor.swift */,
				562253122814448600116C3C /* WebpageRouter.swift */,
			);
			path = Webpage;
			sourceTree = "<group>";
		};
		56225314281469F600116C3C /* Assembly */ = {
			isa = PBXGroup;
			children = (
				5622531528146A3500116C3C /* ApplicationAssembly.swift */,
				5622531D2814AE2A00116C3C /* CoreComponents.swift */,
				562253302816033000116C3C /* AppConfig.swift */,
				56225341281758B500116C3C /* CityConfig.swift */,
				562253322816044600116C3C /* StagingAppConfig.swift */,
				5622534328175A7900116C3C /* StagingCity.swift */,
			);
			path = Assembly;
			sourceTree = "<group>";
		};
		562253222814B02400116C3C /* TabBar */ = {
			isa = PBXGroup;
			children = (
				562253232814B09F00116C3C /* BaseTabController.swift */,
			);
			path = TabBar;
			sourceTree = "<group>";
		};
		562253252815F51C00116C3C /* Weather */ = {
			isa = PBXGroup;
			children = (
				562253262815F54000116C3C /* WeatherAssembly.swift */,
				562253282815F5D400116C3C /* WeatherViewController.swift */,
				5622532A2815F60600116C3C /* WeatherInteractor.swift */,
				5622532C2815F64E00116C3C /* WeatherPresenter.swift */,
				5622532E2815F6B100116C3C /* WeatherRouter.swift */,
				562253452819C5A400116C3C /* Views */,
			);
			path = Weather;
			sourceTree = "<group>";
		};
		562253342816E34700116C3C /* Managers */ = {
			isa = PBXGroup;
			children = (
				562253352816E37200116C3C /* APIManager.swift */,
			);
			path = Managers;
			sourceTree = "<group>";
		};
		562253452819C5A400116C3C /* Views */ = {
			isa = PBXGroup;
			children = (
				562253462819C5FF00116C3C /* CurrentConditionView.swift */,
			);
			path = Views;
			sourceTree = "<group>";
		};
		5644F50F281413C10070EAE2 = {
			isa = PBXGroup;
			children = (
				5644F51A281413C10070EAE2 /* Forecast */,
				5644F519281413C10070EAE2 /* Products */,
				8D39B400235F6D893974ABDA /* Pods */,
				864417F37D5CEE1A861853D0 /* Frameworks */,
			);
			sourceTree = "<group>";
		};
		5644F519281413C10070EAE2 /* Products */ = {
			isa = PBXGroup;
			children = (
				5644F518281413C10070EAE2 /* Forecast.app */,
			);
			name = Products;
			sourceTree = "<group>";
		};
		5644F51A281413C10070EAE2 /* Forecast */ = {
			isa = PBXGroup;
			children = (
				562253342816E34700116C3C /* Managers */,
				56225314281469F600116C3C /* Assembly */,
				5622530728141D0500116C3C /* Structures */,
				5622530628141CF900116C3C /* Scenes */,
				5644F51B281413C10070EAE2 /* AppDelegate.swift */,
				5644F51D281413C10070EAE2 /* SceneDelegate.swift */,
				5644F51F281413C10070EAE2 /* ViewController.swift */,
				5644F524281413C30070EAE2 /* Assets.xcassets */,
				5644F526281413C30070EAE2 /* LaunchScreen.storyboard */,
				5644F529281413C30070EAE2 /* Info.plist */,
				5622531B28149CC700116C3C /* main.swift */,
			);
			path = Forecast;
			sourceTree = "<group>";
		};
		864417F37D5CEE1A861853D0 /* Frameworks */ = {
			isa = PBXGroup;
			children = (
				209D29C2011C8825B92FAF9C /* Pods_Forecast.framework */,
			);
			name = Frameworks;
			sourceTree = "<group>";
		};
		8D39B400235F6D893974ABDA /* Pods */ = {
			isa = PBXGroup;
			children = (
				4385965FE1C2C8D00574A38F /* Pods-Forecast.debug.xcconfig */,
				8C383079CFEEDFD93C3FD3F5 /* Pods-Forecast.release.xcconfig */,
			);
			path = Pods;
			sourceTree = "<group>";
		};
/* End PBXGroup section */

/* Begin PBXNativeTarget section */
		5644F517281413C10070EAE2 /* Forecast */ = {
			isa = PBXNativeTarget;
			buildConfigurationList = 5644F52C281413C30070EAE2 /* Build configuration list for PBXNativeTarget "Forecast" */;
			buildPhases = (
				91CEBBAD1DA42ADC09FBBB5C /* [CP] Check Pods Manifest.lock */,
				5644F514281413C10070EAE2 /* Sources */,
				5644F515281413C10070EAE2 /* Frameworks */,
				5644F516281413C10070EAE2 /* Resources */,
				A5803B2713724B0C82B1DBEE /* [CP] Embed Pods Frameworks */,
			);
			buildRules = (
			);
			dependencies = (
			);
			name = Forecast;
			productName = Forecast;
			productReference = 5644F518281413C10070EAE2 /* Forecast.app */;
			productType = "com.apple.product-type.application";
		};
/* End PBXNativeTarget section */

/* Begin PBXProject section */
		5644F510281413C10070EAE2 /* Project object */ = {
			isa = PBXProject;
			attributes = {
				BuildIndependentTargetsInParallel = 1;
				LastSwiftUpdateCheck = 1330;
				LastUpgradeCheck = 1330;
				TargetAttributes = {
					5644F517281413C10070EAE2 = {
						CreatedOnToolsVersion = 13.3.1;
					};
				};
			};
			buildConfigurationList = 5644F513281413C10070EAE2 /* Build configuration list for PBXProject "Forecast" */;
			compatibilityVersion = "Xcode 13.0";
			developmentRegion = en;
			hasScannedForEncodings = 0;
			knownRegions = (
				en,
				Base,
			);
			mainGroup = 5644F50F281413C10070EAE2;
			productRefGroup = 5644F519281413C10070EAE2 /* Products */;
			projectDirPath = "";
			projectRoot = "";
			targets = (
				5644F517281413C10070EAE2 /* Forecast */,
			);
		};
/* End PBXProject section */

/* Begin PBXResourcesBuildPhase section */
		5644F516281413C10070EAE2 /* Resources */ = {
			isa = PBXResourcesBuildPhase;
			buildActionMask = 2147483647;
			files = (
				5644F528281413C30070EAE2 /* LaunchScreen.storyboard in Resources */,
				5644F525281413C30070EAE2 /* Assets.xcassets in Resources */,
			);
			runOnlyForDeploymentPostprocessing = 0;
		};
/* End PBXResourcesBuildPhase section */

/* Begin PBXShellScriptBuildPhase section */
		91CEBBAD1DA42ADC09FBBB5C /* [CP] Check Pods Manifest.lock */ = {
			isa = PBXShellScriptBuildPhase;
			buildActionMask = 2147483647;
			files = (
			);
			inputFileListPaths = (
			);
			inputPaths = (
				"${PODS_PODFILE_DIR_PATH}/Podfile.lock",
				"${PODS_ROOT}/Manifest.lock",
			);
			name = "[CP] Check Pods Manifest.lock";
			outputFileListPaths = (
			);
			outputPaths = (
				"$(DERIVED_FILE_DIR)/Pods-Forecast-checkManifestLockResult.txt",
			);
			runOnlyForDeploymentPostprocessing = 0;
			shellPath = /bin/sh;
			shellScript = "diff \"${PODS_PODFILE_DIR_PATH}/Podfile.lock\" \"${PODS_ROOT}/Manifest.lock\" > /dev/null\nif [ $? != 0 ] ; then\n    # print error to STDERR\n    echo \"error: The sandbox is not in sync with the Podfile.lock. Run 'pod install' or update your CocoaPods installation.\" >&2\n    exit 1\nfi\n# This output is used by Xcode 'outputs' to avoid re-running this script phase.\necho \"SUCCESS\" > \"${SCRIPT_OUTPUT_FILE_0}\"\n";
			showEnvVarsInLog = 0;
		};
		A5803B2713724B0C82B1DBEE /* [CP] Embed Pods Frameworks */ = {
			isa = PBXShellScriptBuildPhase;
			buildActionMask = 2147483647;
			files = (
			);
			inputFileListPaths = (
				"${PODS_ROOT}/Target Support Files/Pods-Forecast/Pods-Forecast-frameworks-${CONFIGURATION}-input-files.xcfilelist",
			);
			name = "[CP] Embed Pods Frameworks";
			outputFileListPaths = (
				"${PODS_ROOT}/Target Support Files/Pods-Forecast/Pods-Forecast-frameworks-${CONFIGURATION}-output-files.xcfilelist",
			);
			runOnlyForDeploymentPostprocessing = 0;
			shellPath = /bin/sh;
			shellScript = "\"${PODS_ROOT}/Target Support Files/Pods-Forecast/Pods-Forecast-frameworks.sh\"\n";
			showEnvVarsInLog = 0;
		};
/* End PBXShellScriptBuildPhase section */

/* Begin PBXSourcesBuildPhase section */
		5644F514281413C10070EAE2 /* Sources */ = {
			isa = PBXSourcesBuildPhase;
			buildActionMask = 2147483647;
			files = (
				5622533828172F7C00116C3C /* WeatherReport.swift in Sources */,
				5622531E2814AE2A00116C3C /* CoreComponents.swift in Sources */,
				562253332816044600116C3C /* StagingAppConfig.swift in Sources */,
				5622533E28173A3500116C3C /* FeelingTemperature.swift in Sources */,
				562253272815F54000116C3C /* WeatherAssembly.swift in Sources */,
				5622532B2815F60600116C3C /* WeatherInteractor.swift in Sources */,
				5622533A281736F400116C3C /* WeatherDailyItem.swift in Sources */,
				5622532F2815F6B100116C3C /* WeatherRouter.swift in Sources */,
				5622530B281443B300116C3C /* WebpageAssembly.swift in Sources */,
				562253112814447900116C3C /* WebpageInteractor.swift in Sources */,
				562253472819C5FF00116C3C /* CurrentConditionView.swift in Sources */,
				5622530F2814446700116C3C /* WebpagePresenter.swift in Sources */,
				5644F520281413C10070EAE2 /* ViewController.swift in Sources */,
				5622530D2814441400116C3C /* WebpageViewController.swift in Sources */,
				562253312816033000116C3C /* AppConfig.swift in Sources */,
				5644F51C281413C10070EAE2 /* AppDelegate.swift in Sources */,
				5622534428175A7900116C3C /* StagingCity.swift in Sources */,
				5622534028173D6E00116C3C /* MinutelyItem.swift in Sources */,
				562253362816E37200116C3C /* APIManager.swift in Sources */,
				5622532D2815F64E00116C3C /* WeatherPresenter.swift in Sources */,
				5622531C28149CC700116C3C /* main.swift in Sources */,
				562253242814B09F00116C3C /* BaseTabController.swift in Sources */,
				5644F51E281413C10070EAE2 /* SceneDelegate.swift in Sources */,
				562253292815F5D400116C3C /* WeatherViewController.swift in Sources */,
				5622531628146A3500116C3C /* ApplicationAssembly.swift in Sources */,
				562253132814448600116C3C /* WebpageRouter.swift in Sources */,
				56225342281758B500116C3C /* CityConfig.swift in Sources */,
				5622533C2817391600116C3C /* DailyTemperature.swift in Sources */,
			);
			runOnlyForDeploymentPostprocessing = 0;
		};
/* End PBXSourcesBuildPhase section */

/* Begin PBXVariantGroup section */
		5644F526281413C30070EAE2 /* LaunchScreen.storyboard */ = {
			isa = PBXVariantGroup;
			children = (
				5644F527281413C30070EAE2 /* Base */,
			);
			name = LaunchScreen.storyboard;
			sourceTree = "<group>";
		};
/* End PBXVariantGroup section */

/* Begin XCBuildConfiguration section */
		5644F52A281413C30070EAE2 /* Debug */ = {
			isa = XCBuildConfiguration;
			buildSettings = {
				ALWAYS_SEARCH_USER_PATHS = NO;
				CLANG_ANALYZER_NONNULL = YES;
				CLANG_ANALYZER_NUMBER_OBJECT_CONVERSION = YES_AGGRESSIVE;
				CLANG_CXX_LANGUAGE_STANDARD = "gnu++17";
				CLANG_ENABLE_MODULES = YES;
				CLANG_ENABLE_OBJC_ARC = YES;
				CLANG_ENABLE_OBJC_WEAK = YES;
				CLANG_WARN_BLOCK_CAPTURE_AUTORELEASING = YES;
				CLANG_WARN_BOOL_CONVERSION = YES;
				CLANG_WARN_COMMA = YES;
				CLANG_WARN_CONSTANT_CONVERSION = YES;
				CLANG_WARN_DEPRECATED_OBJC_IMPLEMENTATIONS = YES;
				CLANG_WARN_DIRECT_OBJC_ISA_USAGE = YES_ERROR;
				CLANG_WARN_DOCUMENTATION_COMMENTS = YES;
				CLANG_WARN_EMPTY_BODY = YES;
				CLANG_WARN_ENUM_CONVERSION = YES;
				CLANG_WARN_INFINITE_RECURSION = YES;
				CLANG_WARN_INT_CONVERSION = YES;
				CLANG_WARN_NON_LITERAL_NULL_CONVERSION = YES;
				CLANG_WARN_OBJC_IMPLICIT_RETAIN_SELF = YES;
				CLANG_WARN_OBJC_LITERAL_CONVERSION = YES;
				CLANG_WARN_OBJC_ROOT_CLASS = YES_ERROR;
				CLANG_WARN_QUOTED_INCLUDE_IN_FRAMEWORK_HEADER = YES;
				CLANG_WARN_RANGE_LOOP_ANALYSIS = YES;
				CLANG_WARN_STRICT_PROTOTYPES = YES;
				CLANG_WARN_SUSPICIOUS_MOVE = YES;
				CLANG_WARN_UNGUARDED_AVAILABILITY = YES_AGGRESSIVE;
				CLANG_WARN_UNREACHABLE_CODE = YES;
				CLANG_WARN__DUPLICATE_METHOD_MATCH = YES;
				COPY_PHASE_STRIP = NO;
				DEBUG_INFORMATION_FORMAT = dwarf;
				ENABLE_STRICT_OBJC_MSGSEND = YES;
				ENABLE_TESTABILITY = YES;
				GCC_C_LANGUAGE_STANDARD = gnu11;
				GCC_DYNAMIC_NO_PIC = NO;
				GCC_NO_COMMON_BLOCKS = YES;
				GCC_OPTIMIZATION_LEVEL = 0;
				GCC_PREPROCESSOR_DEFINITIONS = (
					"DEBUG=1",
					"$(inherited)",
				);
				GCC_WARN_64_TO_32_BIT_CONVERSION = YES;
				GCC_WARN_ABOUT_RETURN_TYPE = YES_ERROR;
				GCC_WARN_UNDECLARED_SELECTOR = YES;
				GCC_WARN_UNINITIALIZED_AUTOS = YES_AGGRESSIVE;
				GCC_WARN_UNUSED_FUNCTION = YES;
				GCC_WARN_UNUSED_VARIABLE = YES;
				IPHONEOS_DEPLOYMENT_TARGET = 13.0;
				MTL_ENABLE_DEBUG_INFO = INCLUDE_SOURCE;
				MTL_FAST_MATH = YES;
				ONLY_ACTIVE_ARCH = YES;
				SDKROOT = iphoneos;
				SWIFT_ACTIVE_COMPILATION_CONDITIONS = DEBUG;
				SWIFT_OPTIMIZATION_LEVEL = "-Onone";
			};
			name = Debug;
		};
		5644F52B281413C30070EAE2 /* Release */ = {
			isa = XCBuildConfiguration;
			buildSettings = {
				ALWAYS_SEARCH_USER_PATHS = NO;
				CLANG_ANALYZER_NONNULL = YES;
				CLANG_ANALYZER_NUMBER_OBJECT_CONVERSION = YES_AGGRESSIVE;
				CLANG_CXX_LANGUAGE_STANDARD = "gnu++17";
				CLANG_ENABLE_MODULES = YES;
				CLANG_ENABLE_OBJC_ARC = YES;
				CLANG_ENABLE_OBJC_WEAK = YES;
				CLANG_WARN_BLOCK_CAPTURE_AUTORELEASING = YES;
				CLANG_WARN_BOOL_CONVERSION = YES;
				CLANG_WARN_COMMA = YES;
				CLANG_WARN_CONSTANT_CONVERSION = YES;
				CLANG_WARN_DEPRECATED_OBJC_IMPLEMENTATIONS = YES;
				CLANG_WARN_DIRECT_OBJC_ISA_USAGE = YES_ERROR;
				CLANG_WARN_DOCUMENTATION_COMMENTS = YES;
				CLANG_WARN_EMPTY_BODY = YES;
				CLANG_WARN_ENUM_CONVERSION = YES;
				CLANG_WARN_INFINITE_RECURSION = YES;
				CLANG_WARN_INT_CONVERSION = YES;
				CLANG_WARN_NON_LITERAL_NULL_CONVERSION = YES;
				CLANG_WARN_OBJC_IMPLICIT_RETAIN_SELF = YES;
				CLANG_WARN_OBJC_LITERAL_CONVERSION = YES;
				CLANG_WARN_OBJC_ROOT_CLASS = YES_ERROR;
				CLANG_WARN_QUOTED_INCLUDE_IN_FRAMEWORK_HEADER = YES;
				CLANG_WARN_RANGE_LOOP_ANALYSIS = YES;
				CLANG_WARN_STRICT_PROTOTYPES = YES;
				CLANG_WARN_SUSPICIOUS_MOVE = YES;
				CLANG_WARN_UNGUARDED_AVAILABILITY = YES_AGGRESSIVE;
				CLANG_WARN_UNREACHABLE_CODE = YES;
				CLANG_WARN__DUPLICATE_METHOD_MATCH = YES;
				COPY_PHASE_STRIP = NO;
				DEBUG_INFORMATION_FORMAT = "dwarf-with-dsym";
				ENABLE_NS_ASSERTIONS = NO;
				ENABLE_STRICT_OBJC_MSGSEND = YES;
				GCC_C_LANGUAGE_STANDARD = gnu11;
				GCC_NO_COMMON_BLOCKS = YES;
				GCC_WARN_64_TO_32_BIT_CONVERSION = YES;
				GCC_WARN_ABOUT_RETURN_TYPE = YES_ERROR;
				GCC_WARN_UNDECLARED_SELECTOR = YES;
				GCC_WARN_UNINITIALIZED_AUTOS = YES_AGGRESSIVE;
				GCC_WARN_UNUSED_FUNCTION = YES;
				GCC_WARN_UNUSED_VARIABLE = YES;
				IPHONEOS_DEPLOYMENT_TARGET = 13.0;
				MTL_ENABLE_DEBUG_INFO = NO;
				MTL_FAST_MATH = YES;
				SDKROOT = iphoneos;
				SWIFT_COMPILATION_MODE = wholemodule;
				SWIFT_OPTIMIZATION_LEVEL = "-O";
				VALIDATE_PRODUCT = YES;
			};
			name = Release;
		};
		5644F52D281413C30070EAE2 /* Debug */ = {
			isa = XCBuildConfiguration;
			baseConfigurationReference = 4385965FE1C2C8D00574A38F /* Pods-Forecast.debug.xcconfig */;
			buildSettings = {
				ASSETCATALOG_COMPILER_APPICON_NAME = AppIcon;
				ASSETCATALOG_COMPILER_GLOBAL_ACCENT_COLOR_NAME = AccentColor;
				CODE_SIGN_STYLE = Automatic;
				CURRENT_PROJECT_VERSION = 1;
				DEVELOPMENT_TEAM = CYCS9B5KF2;
				GENERATE_INFOPLIST_FILE = YES;
				INFOPLIST_FILE = Forecast/Info.plist;
				INFOPLIST_KEY_UIApplicationSupportsIndirectInputEvents = YES;
				INFOPLIST_KEY_UILaunchStoryboardName = LaunchScreen;
				INFOPLIST_KEY_UISupportedInterfaceOrientations_iPad = "UIInterfaceOrientationPortrait UIInterfaceOrientationPortraitUpsideDown UIInterfaceOrientationLandscapeLeft UIInterfaceOrientationLandscapeRight";
				INFOPLIST_KEY_UISupportedInterfaceOrientations_iPhone = "UIInterfaceOrientationPortrait UIInterfaceOrientationLandscapeLeft UIInterfaceOrientationLandscapeRight";
				LD_RUNPATH_SEARCH_PATHS = (
					"$(inherited)",
					"@executable_path/Frameworks",
				);
				MARKETING_VERSION = 1.0;
				PRODUCT_BUNDLE_IDENTIFIER = com.tonchak.Forecast;
				PRODUCT_NAME = "$(TARGET_NAME)";
				SWIFT_EMIT_LOC_STRINGS = YES;
				SWIFT_VERSION = 5.0;
				TARGETED_DEVICE_FAMILY = "1,2";
			};
			name = Debug;
		};
		5644F52E281413C30070EAE2 /* Release */ = {
			isa = XCBuildConfiguration;
			baseConfigurationReference = 8C383079CFEEDFD93C3FD3F5 /* Pods-Forecast.release.xcconfig */;
			buildSettings = {
				ASSETCATALOG_COMPILER_APPICON_NAME = AppIcon;
				ASSETCATALOG_COMPILER_GLOBAL_ACCENT_COLOR_NAME = AccentColor;
				CODE_SIGN_STYLE = Automatic;
				CURRENT_PROJECT_VERSION = 1;
				DEVELOPMENT_TEAM = CYCS9B5KF2;
				GENERATE_INFOPLIST_FILE = YES;
				INFOPLIST_FILE = Forecast/Info.plist;
				INFOPLIST_KEY_UIApplicationSupportsIndirectInputEvents = YES;
				INFOPLIST_KEY_UILaunchStoryboardName = LaunchScreen;
				INFOPLIST_KEY_UISupportedInterfaceOrientations_iPad = "UIInterfaceOrientationPortrait UIInterfaceOrientationPortraitUpsideDown UIInterfaceOrientationLandscapeLeft UIInterfaceOrientationLandscapeRight";
				INFOPLIST_KEY_UISupportedInterfaceOrientations_iPhone = "UIInterfaceOrientationPortrait UIInterfaceOrientationLandscapeLeft UIInterfaceOrientationLandscapeRight";
				LD_RUNPATH_SEARCH_PATHS = (
					"$(inherited)",
					"@executable_path/Frameworks",
				);
				MARKETING_VERSION = 1.0;
				PRODUCT_BUNDLE_IDENTIFIER = com.tonchak.Forecast;
				PRODUCT_NAME = "$(TARGET_NAME)";
				SWIFT_EMIT_LOC_STRINGS = YES;
				SWIFT_VERSION = 5.0;
				TARGETED_DEVICE_FAMILY = "1,2";
			};
			name = Release;
		};
/* End XCBuildConfiguration section */

/* Begin XCConfigurationList section */
		5644F513281413C10070EAE2 /* Build configuration list for PBXProject "Forecast" */ = {
			isa = XCConfigurationList;
			buildConfigurations = (
				5644F52A281413C30070EAE2 /* Debug */,
				5644F52B281413C30070EAE2 /* Release */,
			);
			defaultConfigurationIsVisible = 0;
			defaultConfigurationName = Release;
		};
		5644F52C281413C30070EAE2 /* Build configuration list for PBXNativeTarget "Forecast" */ = {
			isa = XCConfigurationList;
			buildConfigurations = (
				5644F52D281413C30070EAE2 /* Debug */,
				5644F52E281413C30070EAE2 /* Release */,
			);
			defaultConfigurationIsVisible = 0;
			defaultConfigurationName = Release;
		};
/* End XCConfigurationList section */
	};
	rootObject = 5644F510281413C10070EAE2 /* Project object */;
}
